{
  "originHash" : "8b22f29876ee581e5225fec7d2f451f41b7bca5e796fd6b5fd93fc58c5e8692a",
  "pins" : [
    {
      "identity" : "betterlogging",
      "kind" : "remoteSourceControl",
      "location" : "https://github.com/BetterPractice/BetterLogging",
      "state" : {
        "branch" : "main",
        "revision" : "14537e39ac9e1b05a0f0a1c3fae9315daf6a7d83"
      }
    },
    {
      "identity" : "blackbird",
      "kind" : "remoteSourceControl",
      "location" : "https://github.com/marcoarment/Blackbird",
      "state" : {
        "revision" : "e2bf935089cd7620031ea342eaf96bf4ba3a22dc",
        "version" : "0.5.0"
      }
    }
  ],
  "version" : 3
}
